<?xml version="1.0" encoding="utf-8"?>
<Solution>
  <Folder Name="/Solution Items/">
    <File Path=".editorconfig" />
    <File Path=".gitignore" />
    <File Path="global.json" />
    <File Path="LICENSE" />
    <File Path="MASTER_PLAN.md" />
    <File Path="nuget-key.txt" />
    <File Path="README.md" />
    <File Path="version.json" />
    <File Path="Directory.Build.props" />
    <File Path="Directory.Packages.props" />
    <File Path="Publish.ps1" />
    <File Path="SECURITY.md" />
  </Folder>
  <Project Path="Lifx.Api.Test/Lifx.Api.Test.csproj" />
  <Project Path="Lifx.Api/Lifx.Api.csproj" />
  <Project Path="Lifx.Cli/Lifx.Cli.csproj" />
</Solution>