<Solution>
  <Folder Name="/Solution Items/">
    <File Path=".editorconfig" />
    <File Path=".gitignore" />
    <File Path="global.json" />
    <File Path="LICENSE" />
    <File Path="MASTER_PLAN.md" />
    <File Path="nuget-key.txt" />
    <File Path="README.md" />
    <File Path="version.json" />
  </Folder>
  <Project Path="Lifx.Api.Test/Lifx.Api.Test.csproj" />
  <Project Path="Lifx.Api/Lifx.Api.csproj" />
</Solution>
